// !$*UTF8*$!
{
	archiveVersion = 1;
	classes = {
	};
	objectVersion = 55;
	objects = {

/* Begin PBXBuildFile section */
		018DF5EF288AC48B000271D1 /* GFItemInfoView.swift in Sources */ = {isa = PBXBuildFile; fileRef = 018DF5EE288AC48B000271D1 /* GFItemInfoView.swift */; };
		018DF5F1288AD057000271D1 /* GFItemInfoViewController.swift in Sources */ = {isa = PBXBuildFile; fileRef = 018DF5F0288AD057000271D1 /* GFItemInfoViewController.swift */; };
		018DF5F3288ADA79000271D1 /* GFRepoItemViewController.swift in Sources */ = {isa = PBXBuildFile; fileRef = 018DF5F2288ADA79000271D1 /* GFRepoItemViewController.swift */; };
		018DF5F5288ADBB5000271D1 /* GFFollowerItemViewController.swift in Sources */ = {isa = PBXBuildFile; fileRef = 018DF5F4288ADBB5000271D1 /* GFFollowerItemViewController.swift */; };
		018DF5FC288B0309000271D1 /* String+Ext.swift in Sources */ = {isa = PBXBuildFile; fileRef = 018DF5FB288B0309000271D1 /* String+Ext.swift */; };
		018DF5FE288B0313000271D1 /* Date+Ext.swift in Sources */ = {isa = PBXBuildFile; fileRef = 018DF5FD288B0312000271D1 /* Date+Ext.swift */; };
		01D3A79A28842850005CC88F /* AppDelegate.swift in Sources */ = {isa = PBXBuildFile; fileRef = 01D3A79928842850005CC88F /* AppDelegate.swift */; };
		01D3A79C28842850005CC88F /* SceneDelegate.swift in Sources */ = {isa = PBXBuildFile; fileRef = 01D3A79B28842850005CC88F /* SceneDelegate.swift */; };
		01D3A7A328842852005CC88F /* Assets.xcassets in Resources */ = {isa = PBXBuildFile; fileRef = 01D3A7A228842852005CC88F /* Assets.xcassets */; };
		01D3A7A628842852005CC88F /* LaunchScreen.storyboard in Resources */ = {isa = PBXBuildFile; fileRef = 01D3A7A428842852005CC88F /* LaunchScreen.storyboard */; };
		01D3A7D02884524F005CC88F /* SearchViewController.swift in Sources */ = {isa = PBXBuildFile; fileRef = 01D3A7CF2884524F005CC88F /* SearchViewController.swift */; };
		01D3A7D228845286005CC88F /* FavoriteViewController.swift in Sources */ = {isa = PBXBuildFile; fileRef = 01D3A7D128845286005CC88F /* FavoriteViewController.swift */; };
		01D3A7D428846668005CC88F /* GFButton.swift in Sources */ = {isa = PBXBuildFile; fileRef = 01D3A7D328846668005CC88F /* GFButton.swift */; };
		01D3A7D628846978005CC88F /* GFTextField.swift in Sources */ = {isa = PBXBuildFile; fileRef = 01D3A7D528846978005CC88F /* GFTextField.swift */; };
		01D3A7D8288571FB005CC88F /* FollowersViewController.swift in Sources */ = {isa = PBXBuildFile; fileRef = 01D3A7D7288571FB005CC88F /* FollowersViewController.swift */; };
		01D3A7DA288581B1005CC88F /* GFTitleLabel.swift in Sources */ = {isa = PBXBuildFile; fileRef = 01D3A7D9288581B1005CC88F /* GFTitleLabel.swift */; };
		01D3A7DC28858448005CC88F /* GFBodyLabel.swift in Sources */ = {isa = PBXBuildFile; fileRef = 01D3A7DB28858448005CC88F /* GFBodyLabel.swift */; };
		01D3A7DE2885864F005CC88F /* GFAlertViewController.swift in Sources */ = {isa = PBXBuildFile; fileRef = 01D3A7DD2885864F005CC88F /* GFAlertViewController.swift */; };
		01D3A7E028859718005CC88F /* UIViewController+Ext.swift in Sources */ = {isa = PBXBuildFile; fileRef = 01D3A7DF28859718005CC88F /* UIViewController+Ext.swift */; };
		01D3A7E62885A5EA005CC88F /* GFContainerView.swift in Sources */ = {isa = PBXBuildFile; fileRef = 01D3A7E52885A5EA005CC88F /* GFContainerView.swift */; };
		01D3A7E9288692B1005CC88F /* Follower.swift in Sources */ = {isa = PBXBuildFile; fileRef = 01D3A7E8288692B1005CC88F /* Follower.swift */; };
		01D3A7EB28869422005CC88F /* User.swift in Sources */ = {isa = PBXBuildFile; fileRef = 01D3A7EA28869422005CC88F /* User.swift */; };
		01D3A7EE28869DEA005CC88F /* NetworkManager.swift in Sources */ = {isa = PBXBuildFile; fileRef = 01D3A7ED28869DEA005CC88F /* NetworkManager.swift */; };
		01D3A7F12886C6D8005CC88F /* GFError.swift in Sources */ = {isa = PBXBuildFile; fileRef = 01D3A7F02886C6D8005CC88F /* GFError.swift */; };
		01D3A7F42886D0E0005CC88F /* FollowerCell.swift in Sources */ = {isa = PBXBuildFile; fileRef = 01D3A7F32886D0E0005CC88F /* FollowerCell.swift */; };
		01D3A7F62886D217005CC88F /* GFFollowerImageView.swift in Sources */ = {isa = PBXBuildFile; fileRef = 01D3A7F52886D217005CC88F /* GFFollowerImageView.swift */; };
		01D3A7F8288726D3005CC88F /* UIHelper.swift in Sources */ = {isa = PBXBuildFile; fileRef = 01D3A7F7288726D3005CC88F /* UIHelper.swift */; };
		01D3A8012888724A005CC88F /* GFEmptyStateView.swift in Sources */ = {isa = PBXBuildFile; fileRef = 01D3A8002888724A005CC88F /* GFEmptyStateView.swift */; };
		01D427CE28893CBF00B678E5 /* FollowerDetailViewController.swift in Sources */ = {isa = PBXBuildFile; fileRef = 01D427CD28893CBE00B678E5 /* FollowerDetailViewController.swift */; };
		01D427D0288978E500B678E5 /* GFSecondaryLabel.swift in Sources */ = {isa = PBXBuildFile; fileRef = 01D427CF288978E500B678E5 /* GFSecondaryLabel.swift */; };
		01D427D22889798500B678E5 /* GFInfoHeaderViewController.swift in Sources */ = {isa = PBXBuildFile; fileRef = 01D427D12889798500B678E5 /* GFInfoHeaderViewController.swift */; };
		01D427D428899A8800B678E5 /* Constants.swift in Sources */ = {isa = PBXBuildFile; fileRef = 01D427D328899A8800B678E5 /* Constants.swift */; };
/* End PBXBuildFile section */

/* Begin PBXFileReference section */
		018DF5EE288AC48B000271D1 /* GFItemInfoView.swift */ = {isa = PBXFileReference; lastKnownFileType = sourcecode.swift; path = GFItemInfoView.swift; sourceTree = "<group>"; };
		018DF5F0288AD057000271D1 /* GFItemInfoViewController.swift */ = {isa = PBXFileReference; lastKnownFileType = sourcecode.swift; path = GFItemInfoViewController.swift; sourceTree = "<group>"; };
		018DF5F2288ADA79000271D1 /* GFRepoItemViewController.swift */ = {isa = PBXFileReference; lastKnownFileType = sourcecode.swift; path = GFRepoItemViewController.swift; sourceTree = "<group>"; };
		018DF5F4288ADBB5000271D1 /* GFFollowerItemViewController.swift */ = {isa = PBXFileReference; lastKnownFileType = sourcecode.swift; path = GFFollowerItemViewController.swift; sourceTree = "<group>"; };
		018DF5FB288B0309000271D1 /* String+Ext.swift */ = {isa = PBXFileReference; lastKnownFileType = sourcecode.swift; path = "String+Ext.swift"; sourceTree = "<group>"; };
		018DF5FD288B0312000271D1 /* Date+Ext.swift */ = {isa = PBXFileReference; lastKnownFileType = sourcecode.swift; path = "Date+Ext.swift"; sourceTree = "<group>"; };
		01D3A79628842850005CC88F /* Github-Followers-App.app */ = {isa = PBXFileReference; explicitFileType = wrapper.application; includeInIndex = 0; path = "Github-Followers-App.app"; sourceTree = BUILT_PRODUCTS_DIR; };
		01D3A79928842850005CC88F /* AppDelegate.swift */ = {isa = PBXFileReference; lastKnownFileType = sourcecode.swift; path = AppDelegate.swift; sourceTree = "<group>"; };
		01D3A79B28842850005CC88F /* SceneDelegate.swift */ = {isa = PBXFileReference; lastKnownFileType = sourcecode.swift; path = SceneDelegate.swift; sourceTree = "<group>"; };
		01D3A7A228842852005CC88F /* Assets.xcassets */ = {isa = PBXFileReference; lastKnownFileType = folder.assetcatalog; path = Assets.xcassets; sourceTree = "<group>"; };
		01D3A7A528842852005CC88F /* Base */ = {isa = PBXFileReference; lastKnownFileType = file.storyboard; name = Base; path = Base.lproj/LaunchScreen.storyboard; sourceTree = "<group>"; };
		01D3A7CF2884524F005CC88F /* SearchViewController.swift */ = {isa = PBXFileReference; lastKnownFileType = sourcecode.swift; path = SearchViewController.swift; sourceTree = "<group>"; };
		01D3A7D128845286005CC88F /* FavoriteViewController.swift */ = {isa = PBXFileReference; lastKnownFileType = sourcecode.swift; path = FavoriteViewController.swift; sourceTree = "<group>"; };
		01D3A7D328846668005CC88F /* GFButton.swift */ = {isa = PBXFileReference; lastKnownFileType = sourcecode.swift; path = GFButton.swift; sourceTree = "<group>"; };
		01D3A7D528846978005CC88F /* GFTextField.swift */ = {isa = PBXFileReference; lastKnownFileType = sourcecode.swift; path = GFTextField.swift; sourceTree = "<group>"; };
		01D3A7D7288571FB005CC88F /* FollowersViewController.swift */ = {isa = PBXFileReference; lastKnownFileType = sourcecode.swift; path = FollowersViewController.swift; sourceTree = "<group>"; };
		01D3A7D9288581B1005CC88F /* GFTitleLabel.swift */ = {isa = PBXFileReference; lastKnownFileType = sourcecode.swift; path = GFTitleLabel.swift; sourceTree = "<group>"; };
		01D3A7DB28858448005CC88F /* GFBodyLabel.swift */ = {isa = PBXFileReference; lastKnownFileType = sourcecode.swift; path = GFBodyLabel.swift; sourceTree = "<group>"; };
		01D3A7DD2885864F005CC88F /* GFAlertViewController.swift */ = {isa = PBXFileReference; lastKnownFileType = sourcecode.swift; path = GFAlertViewController.swift; sourceTree = "<group>"; };
		01D3A7DF28859718005CC88F /* UIViewController+Ext.swift */ = {isa = PBXFileReference; lastKnownFileType = sourcecode.swift; path = "UIViewController+Ext.swift"; sourceTree = "<group>"; };
		01D3A7E52885A5EA005CC88F /* GFContainerView.swift */ = {isa = PBXFileReference; lastKnownFileType = sourcecode.swift; path = GFContainerView.swift; sourceTree = "<group>"; };
		01D3A7E8288692B1005CC88F /* Follower.swift */ = {isa = PBXFileReference; lastKnownFileType = sourcecode.swift; path = Follower.swift; sourceTree = "<group>"; };
		01D3A7EA28869422005CC88F /* User.swift */ = {isa = PBXFileReference; lastKnownFileType = sourcecode.swift; path = User.swift; sourceTree = "<group>"; };
		01D3A7ED28869DEA005CC88F /* NetworkManager.swift */ = {isa = PBXFileReference; lastKnownFileType = sourcecode.swift; path = NetworkManager.swift; sourceTree = "<group>"; };
		01D3A7F02886C6D8005CC88F /* GFError.swift */ = {isa = PBXFileReference; lastKnownFileType = sourcecode.swift; path = GFError.swift; sourceTree = "<group>"; };
		01D3A7F32886D0E0005CC88F /* FollowerCell.swift */ = {isa = PBXFileReference; lastKnownFileType = sourcecode.swift; path = FollowerCell.swift; sourceTree = "<group>"; };
		01D3A7F52886D217005CC88F /* GFFollowerImageView.swift */ = {isa = PBXFileReference; lastKnownFileType = sourcecode.swift; path = GFFollowerImageView.swift; sourceTree = "<group>"; };
		01D3A7F7288726D3005CC88F /* UIHelper.swift */ = {isa = PBXFileReference; lastKnownFileType = sourcecode.swift; path = UIHelper.swift; sourceTree = "<group>"; };
		01D3A8002888724A005CC88F /* GFEmptyStateView.swift */ = {isa = PBXFileReference; lastKnownFileType = sourcecode.swift; path = GFEmptyStateView.swift; sourceTree = "<group>"; };
		01D427CD28893CBE00B678E5 /* FollowerDetailViewController.swift */ = {isa = PBXFileReference; lastKnownFileType = sourcecode.swift; path = FollowerDetailViewController.swift; sourceTree = "<group>"; };
		01D427CF288978E500B678E5 /* GFSecondaryLabel.swift */ = {isa = PBXFileReference; lastKnownFileType = sourcecode.swift; path = GFSecondaryLabel.swift; sourceTree = "<group>"; };
		01D427D12889798500B678E5 /* GFInfoHeaderViewController.swift */ = {isa = PBXFileReference; lastKnownFileType = sourcecode.swift; path = GFInfoHeaderViewController.swift; sourceTree = "<group>"; };
		01D427D328899A8800B678E5 /* Constants.swift */ = {isa = PBXFileReference; lastKnownFileType = sourcecode.swift; path = Constants.swift; sourceTree = "<group>"; };
/* End PBXFileReference section */

/* Begin PBXFrameworksBuildPhase section */
		01D3A79328842850005CC88F /* Frameworks */ = {
			isa = PBXFrameworksBuildPhase;
			buildActionMask = 2147483647;
			files = (
			);
			runOnlyForDeploymentPostprocessing = 0;
		};
/* End PBXFrameworksBuildPhase section */

/* Begin PBXGroup section */
		018DF5F6288ADC1E000271D1 /* ItemInfoVCs */ = {
			isa = PBXGroup;
			children = (
				018DF5F0288AD057000271D1 /* GFItemInfoViewController.swift */,
				018DF5F2288ADA79000271D1 /* GFRepoItemViewController.swift */,
				018DF5F4288ADBB5000271D1 /* GFFollowerItemViewController.swift */,
			);
			path = ItemInfoVCs;
			sourceTree = "<group>";
		};
		01D3A78D28842850005CC88F = {
			isa = PBXGroup;
			children = (
				01D3A79828842850005CC88F /* Github-Followers-App */,
				01D3A79728842850005CC88F /* Products */,
			);
			sourceTree = "<group>";
		};
		01D3A79728842850005CC88F /* Products */ = {
			isa = PBXGroup;
			children = (
				01D3A79628842850005CC88F /* Github-Followers-App.app */,
			);
			name = Products;
			sourceTree = "<group>";
		};
		01D3A79828842850005CC88F /* Github-Followers-App */ = {
			isa = PBXGroup;
			children = (
				01D3A7EF2886C6C9005CC88F /* Utilities */,
				01D3A7EC28869DDD005CC88F /* Managers */,
				01D3A7E7288692A5005CC88F /* Model */,
				01D3A7E32885A327005CC88F /* Screens */,
				01D3A7E22885A31C005CC88F /* Custom Views */,
				01D3A7E12885A314005CC88F /* Supporting Files */,
				01D3A7E42885A32C005CC88F /* Extensions */,
			);
			path = "Github-Followers-App";
			sourceTree = "<group>";
		};
		01D3A7E12885A314005CC88F /* Supporting Files */ = {
			isa = PBXGroup;
			children = (
				01D3A79928842850005CC88F /* AppDelegate.swift */,
				01D3A79B28842850005CC88F /* SceneDelegate.swift */,
				01D3A7A228842852005CC88F /* Assets.xcassets */,
				01D3A7A428842852005CC88F /* LaunchScreen.storyboard */,
			);
			path = "Supporting Files";
			sourceTree = "<group>";
		};
		01D3A7E22885A31C005CC88F /* Custom Views */ = {
			isa = PBXGroup;
			children = (
				01D3A7FF28887218005CC88F /* ViewControllers */,
				01D3A7FD288871FC005CC88F /* Views */,
				01D3A7FC288871F1005CC88F /* TextFields */,
				01D3A7FB288871ED005CC88F /* Buttons */,
				01D3A7FA288871E8005CC88F /* Labels */,
				01D3A7F9288871DE005CC88F /* ImageViews */,
				01D3A7F22886D0AC005CC88F /* Cells */,
			);
			path = "Custom Views";
			sourceTree = "<group>";
		};
		01D3A7E32885A327005CC88F /* Screens */ = {
			isa = PBXGroup;
			children = (
				01D3A7CF2884524F005CC88F /* SearchViewController.swift */,
				01D3A7D128845286005CC88F /* FavoriteViewController.swift */,
				01D3A7D7288571FB005CC88F /* FollowersViewController.swift */,
				01D427CD28893CBE00B678E5 /* FollowerDetailViewController.swift */,
			);
			path = Screens;
			sourceTree = "<group>";
		};
		01D3A7E42885A32C005CC88F /* Extensions */ = {
			isa = PBXGroup;
			children = (
				01D3A7DF28859718005CC88F /* UIViewController+Ext.swift */,
				018DF5FB288B0309000271D1 /* String+Ext.swift */,
				018DF5FD288B0312000271D1 /* Date+Ext.swift */,
			);
			path = Extensions;
			sourceTree = "<group>";
		};
		01D3A7E7288692A5005CC88F /* Model */ = {
			isa = PBXGroup;
			children = (
				01D3A7E8288692B1005CC88F /* Follower.swift */,
				01D3A7EA28869422005CC88F /* User.swift */,
			);
			path = Model;
			sourceTree = "<group>";
		};
		01D3A7EC28869DDD005CC88F /* Managers */ = {
			isa = PBXGroup;
			children = (
				01D3A7ED28869DEA005CC88F /* NetworkManager.swift */,
			);
			path = Managers;
			sourceTree = "<group>";
		};
		01D3A7EF2886C6C9005CC88F /* Utilities */ = {
			isa = PBXGroup;
			children = (
				01D3A7F02886C6D8005CC88F /* GFError.swift */,
				01D3A7F7288726D3005CC88F /* UIHelper.swift */,
				01D427D328899A8800B678E5 /* Constants.swift */,
			);
			path = Utilities;
			sourceTree = "<group>";
		};
		01D3A7F22886D0AC005CC88F /* Cells */ = {
			isa = PBXGroup;
			children = (
				01D3A7F32886D0E0005CC88F /* FollowerCell.swift */,
			);
			path = Cells;
			sourceTree = "<group>";
		};
		01D3A7F9288871DE005CC88F /* ImageViews */ = {
			isa = PBXGroup;
			children = (
				01D3A7F52886D217005CC88F /* GFFollowerImageView.swift */,
			);
			path = ImageViews;
			sourceTree = "<group>";
		};
		01D3A7FA288871E8005CC88F /* Labels */ = {
			isa = PBXGroup;
			children = (
				01D3A7D9288581B1005CC88F /* GFTitleLabel.swift */,
				01D3A7DB28858448005CC88F /* GFBodyLabel.swift */,
				01D427CF288978E500B678E5 /* GFSecondaryLabel.swift */,
			);
			path = Labels;
			sourceTree = "<group>";
		};
		01D3A7FB288871ED005CC88F /* Buttons */ = {
			isa = PBXGroup;
			children = (
				01D3A7D328846668005CC88F /* GFButton.swift */,
			);
			path = Buttons;
			sourceTree = "<group>";
		};
		01D3A7FC288871F1005CC88F /* TextFields */ = {
			isa = PBXGroup;
			children = (
				01D3A7D528846978005CC88F /* GFTextField.swift */,
			);
			path = TextFields;
			sourceTree = "<group>";
		};
		01D3A7FD288871FC005CC88F /* Views */ = {
			isa = PBXGroup;
			children = (
				01D3A7E52885A5EA005CC88F /* GFContainerView.swift */,
				01D3A8002888724A005CC88F /* GFEmptyStateView.swift */,
				018DF5EE288AC48B000271D1 /* GFItemInfoView.swift */,
			);
			path = Views;
			sourceTree = "<group>";
		};
		01D3A7FF28887218005CC88F /* ViewControllers */ = {
			isa = PBXGroup;
			children = (
				018DF5F6288ADC1E000271D1 /* ItemInfoVCs */,
				01D3A7DD2885864F005CC88F /* GFAlertViewController.swift */,
				01D427D12889798500B678E5 /* GFInfoHeaderViewController.swift */,
			);
			path = ViewControllers;
			sourceTree = "<group>";
		};
/* End PBXGroup section */

/* Begin PBXNativeTarget section */
		01D3A79528842850005CC88F /* Github-Followers-App */ = {
			isa = PBXNativeTarget;
			buildConfigurationList = 01D3A7AA28842852005CC88F /* Build configuration list for PBXNativeTarget "Github-Followers-App" */;
			buildPhases = (
				01D3A79228842850005CC88F /* Sources */,
				01D3A79328842850005CC88F /* Frameworks */,
				01D3A79428842850005CC88F /* Resources */,
			);
			buildRules = (
			);
			dependencies = (
			);
			name = "Github-Followers-App";
			productName = "Github-Followers-App";
			productReference = 01D3A79628842850005CC88F /* Github-Followers-App.app */;
			productType = "com.apple.product-type.application";
		};
/* End PBXNativeTarget section */

/* Begin PBXProject section */
		01D3A78E28842850005CC88F /* Project object */ = {
			isa = PBXProject;
			attributes = {
				BuildIndependentTargetsInParallel = 1;
				LastSwiftUpdateCheck = 1340;
				LastUpgradeCheck = 1340;
				TargetAttributes = {
					01D3A79528842850005CC88F = {
						CreatedOnToolsVersion = 13.4.1;
					};
				};
			};
			buildConfigurationList = 01D3A79128842850005CC88F /* Build configuration list for PBXProject "Github-Followers-App" */;
			compatibilityVersion = "Xcode 13.0";
			developmentRegion = en;
			hasScannedForEncodings = 0;
			knownRegions = (
				en,
				Base,
			);
			mainGroup = 01D3A78D28842850005CC88F;
			productRefGroup = 01D3A79728842850005CC88F /* Products */;
			projectDirPath = "";
			projectRoot = "";
			targets = (
				01D3A79528842850005CC88F /* Github-Followers-App */,
			);
		};
/* End PBXProject section */

/* Begin PBXResourcesBuildPhase section */
		01D3A79428842850005CC88F /* Resources */ = {
			isa = PBXResourcesBuildPhase;
			buildActionMask = 2147483647;
			files = (
				01D3A7A628842852005CC88F /* LaunchScreen.storyboard in Resources */,
				01D3A7A328842852005CC88F /* Assets.xcassets in Resources */,
			);
			runOnlyForDeploymentPostprocessing = 0;
		};
/* End PBXResourcesBuildPhase section */

/* Begin PBXSourcesBuildPhase section */
		01D3A79228842850005CC88F /* Sources */ = {
			isa = PBXSourcesBuildPhase;
			buildActionMask = 2147483647;
			files = (
				01D427D0288978E500B678E5 /* GFSecondaryLabel.swift in Sources */,
				01D3A7F12886C6D8005CC88F /* GFError.swift in Sources */,
				018DF5F5288ADBB5000271D1 /* GFFollowerItemViewController.swift in Sources */,
				018DF5FC288B0309000271D1 /* String+Ext.swift in Sources */,
				01D3A7DE2885864F005CC88F /* GFAlertViewController.swift in Sources */,
				01D3A79A28842850005CC88F /* AppDelegate.swift in Sources */,
				01D3A7D428846668005CC88F /* GFButton.swift in Sources */,
				01D3A7E028859718005CC88F /* UIViewController+Ext.swift in Sources */,
				01D3A8012888724A005CC88F /* GFEmptyStateView.swift in Sources */,
				018DF5FE288B0313000271D1 /* Date+Ext.swift in Sources */,
				01D3A7D02884524F005CC88F /* SearchViewController.swift in Sources */,
				01D427D22889798500B678E5 /* GFInfoHeaderViewController.swift in Sources */,
				01D3A7D8288571FB005CC88F /* FollowersViewController.swift in Sources */,
				01D3A7F62886D217005CC88F /* GFFollowerImageView.swift in Sources */,
				01D3A7F42886D0E0005CC88F /* FollowerCell.swift in Sources */,
				01D3A7EB28869422005CC88F /* User.swift in Sources */,
				01D3A7DC28858448005CC88F /* GFBodyLabel.swift in Sources */,
				01D3A7E9288692B1005CC88F /* Follower.swift in Sources */,
				01D3A79C28842850005CC88F /* SceneDelegate.swift in Sources */,
				018DF5F3288ADA79000271D1 /* GFRepoItemViewController.swift in Sources */,
				01D3A7DA288581B1005CC88F /* GFTitleLabel.swift in Sources */,
				01D3A7D228845286005CC88F /* FavoriteViewController.swift in Sources */,
				01D3A7F8288726D3005CC88F /* UIHelper.swift in Sources */,
				01D3A7EE28869DEA005CC88F /* NetworkManager.swift in Sources */,
				018DF5F1288AD057000271D1 /* GFItemInfoViewController.swift in Sources */,
				01D427CE28893CBF00B678E5 /* FollowerDetailViewController.swift in Sources */,
				01D3A7D628846978005CC88F /* GFTextField.swift in Sources */,
				018DF5EF288AC48B000271D1 /* GFItemInfoView.swift in Sources */,
				01D3A7E62885A5EA005CC88F /* GFContainerView.swift in Sources */,
				01D427D428899A8800B678E5 /* Constants.swift in Sources */,
			);
			runOnlyForDeploymentPostprocessing = 0;
		};
/* End PBXSourcesBuildPhase section */

/* Begin PBXVariantGroup section */
		01D3A7A428842852005CC88F /* LaunchScreen.storyboard */ = {
			isa = PBXVariantGroup;
			children = (
				01D3A7A528842852005CC88F /* Base */,
			);
			name = LaunchScreen.storyboard;
			sourceTree = "<group>";
		};
/* End PBXVariantGroup section */

/* Begin XCBuildConfiguration section */
		01D3A7A828842852005CC88F /* Debug */ = {
			isa = XCBuildConfiguration;
			buildSettings = {
				ALWAYS_SEARCH_USER_PATHS = NO;
				CLANG_ANALYZER_NONNULL = YES;
				CLANG_ANALYZER_NUMBER_OBJECT_CONVERSION = YES_AGGRESSIVE;
				CLANG_CXX_LANGUAGE_STANDARD = "gnu++17";
				CLANG_ENABLE_MODULES = YES;
				CLANG_ENABLE_OBJC_ARC = YES;
				CLANG_ENABLE_OBJC_WEAK = YES;
				CLANG_WARN_BLOCK_CAPTURE_AUTORELEASING = YES;
				CLANG_WARN_BOOL_CONVERSION = YES;
				CLANG_WARN_COMMA = YES;
				CLANG_WARN_CONSTANT_CONVERSION = YES;
				CLANG_WARN_DEPRECATED_OBJC_IMPLEMENTATIONS = YES;
				CLANG_WARN_DIRECT_OBJC_ISA_USAGE = YES_ERROR;
				CLANG_WARN_DOCUMENTATION_COMMENTS = YES;
				CLANG_WARN_EMPTY_BODY = YES;
				CLANG_WARN_ENUM_CONVERSION = YES;
				CLANG_WARN_INFINITE_RECURSION = YES;
				CLANG_WARN_INT_CONVERSION = YES;
				CLANG_WARN_NON_LITERAL_NULL_CONVERSION = YES;
				CLANG_WARN_OBJC_IMPLICIT_RETAIN_SELF = YES;
				CLANG_WARN_OBJC_LITERAL_CONVERSION = YES;
				CLANG_WARN_OBJC_ROOT_CLASS = YES_ERROR;
				CLANG_WARN_QUOTED_INCLUDE_IN_FRAMEWORK_HEADER = YES;
				CLANG_WARN_RANGE_LOOP_ANALYSIS = YES;
				CLANG_WARN_STRICT_PROTOTYPES = YES;
				CLANG_WARN_SUSPICIOUS_MOVE = YES;
				CLANG_WARN_UNGUARDED_AVAILABILITY = YES_AGGRESSIVE;
				CLANG_WARN_UNREACHABLE_CODE = YES;
				CLANG_WARN__DUPLICATE_METHOD_MATCH = YES;
				COPY_PHASE_STRIP = NO;
				DEBUG_INFORMATION_FORMAT = dwarf;
				ENABLE_STRICT_OBJC_MSGSEND = YES;
				ENABLE_TESTABILITY = YES;
				GCC_C_LANGUAGE_STANDARD = gnu11;
				GCC_DYNAMIC_NO_PIC = NO;
				GCC_NO_COMMON_BLOCKS = YES;
				GCC_OPTIMIZATION_LEVEL = 0;
				GCC_PREPROCESSOR_DEFINITIONS = (
					"DEBUG=1",
					"$(inherited)",
				);
				GCC_WARN_64_TO_32_BIT_CONVERSION = YES;
				GCC_WARN_ABOUT_RETURN_TYPE = YES_ERROR;
				GCC_WARN_UNDECLARED_SELECTOR = YES;
				GCC_WARN_UNINITIALIZED_AUTOS = YES_AGGRESSIVE;
				GCC_WARN_UNUSED_FUNCTION = YES;
				GCC_WARN_UNUSED_VARIABLE = YES;
				IPHONEOS_DEPLOYMENT_TARGET = 15.5;
				MTL_ENABLE_DEBUG_INFO = INCLUDE_SOURCE;
				MTL_FAST_MATH = YES;
				ONLY_ACTIVE_ARCH = YES;
				SDKROOT = iphoneos;
				SWIFT_ACTIVE_COMPILATION_CONDITIONS = DEBUG;
				SWIFT_OPTIMIZATION_LEVEL = "-Onone";
			};
			name = Debug;
		};
		01D3A7A928842852005CC88F /* Release */ = {
			isa = XCBuildConfiguration;
			buildSettings = {
				ALWAYS_SEARCH_USER_PATHS = NO;
				CLANG_ANALYZER_NONNULL = YES;
				CLANG_ANALYZER_NUMBER_OBJECT_CONVERSION = YES_AGGRESSIVE;
				CLANG_CXX_LANGUAGE_STANDARD = "gnu++17";
				CLANG_ENABLE_MODULES = YES;
				CLANG_ENABLE_OBJC_ARC = YES;
				CLANG_ENABLE_OBJC_WEAK = YES;
				CLANG_WARN_BLOCK_CAPTURE_AUTORELEASING = YES;
				CLANG_WARN_BOOL_CONVERSION = YES;
				CLANG_WARN_COMMA = YES;
				CLANG_WARN_CONSTANT_CONVERSION = YES;
				CLANG_WARN_DEPRECATED_OBJC_IMPLEMENTATIONS = YES;
				CLANG_WARN_DIRECT_OBJC_ISA_USAGE = YES_ERROR;
				CLANG_WARN_DOCUMENTATION_COMMENTS = YES;
				CLANG_WARN_EMPTY_BODY = YES;
				CLANG_WARN_ENUM_CONVERSION = YES;
				CLANG_WARN_INFINITE_RECURSION = YES;
				CLANG_WARN_INT_CONVERSION = YES;
				CLANG_WARN_NON_LITERAL_NULL_CONVERSION = YES;
				CLANG_WARN_OBJC_IMPLICIT_RETAIN_SELF = YES;
				CLANG_WARN_OBJC_LITERAL_CONVERSION = YES;
				CLANG_WARN_OBJC_ROOT_CLASS = YES_ERROR;
				CLANG_WARN_QUOTED_INCLUDE_IN_FRAMEWORK_HEADER = YES;
				CLANG_WARN_RANGE_LOOP_ANALYSIS = YES;
				CLANG_WARN_STRICT_PROTOTYPES = YES;
				CLANG_WARN_SUSPICIOUS_MOVE = YES;
				CLANG_WARN_UNGUARDED_AVAILABILITY = YES_AGGRESSIVE;
				CLANG_WARN_UNREACHABLE_CODE = YES;
				CLANG_WARN__DUPLICATE_METHOD_MATCH = YES;
				COPY_PHASE_STRIP = NO;
				DEBUG_INFORMATION_FORMAT = "dwarf-with-dsym";
				ENABLE_NS_ASSERTIONS = NO;
				ENABLE_STRICT_OBJC_MSGSEND = YES;
				GCC_C_LANGUAGE_STANDARD = gnu11;
				GCC_NO_COMMON_BLOCKS = YES;
				GCC_WARN_64_TO_32_BIT_CONVERSION = YES;
				GCC_WARN_ABOUT_RETURN_TYPE = YES_ERROR;
				GCC_WARN_UNDECLARED_SELECTOR = YES;
				GCC_WARN_UNINITIALIZED_AUTOS = YES_AGGRESSIVE;
				GCC_WARN_UNUSED_FUNCTION = YES;
				GCC_WARN_UNUSED_VARIABLE = YES;
				IPHONEOS_DEPLOYMENT_TARGET = 15.5;
				MTL_ENABLE_DEBUG_INFO = NO;
				MTL_FAST_MATH = YES;
				SDKROOT = iphoneos;
				SWIFT_COMPILATION_MODE = wholemodule;
				SWIFT_OPTIMIZATION_LEVEL = "-O";
				VALIDATE_PRODUCT = YES;
			};
			name = Release;
		};
		01D3A7AB28842852005CC88F /* Debug */ = {
			isa = XCBuildConfiguration;
			buildSettings = {
				ASSETCATALOG_COMPILER_APPICON_NAME = AppIcon;
				ASSETCATALOG_COMPILER_GLOBAL_ACCENT_COLOR_NAME = AccentColor;
				CODE_SIGN_STYLE = Automatic;
				CURRENT_PROJECT_VERSION = 1;
				DEVELOPMENT_TEAM = XSY7H53P5K;
				GENERATE_INFOPLIST_FILE = YES;
				INFOPLIST_FILE = "Github-Followers-App/Info.plist";
				INFOPLIST_KEY_UIApplicationSupportsIndirectInputEvents = YES;
				INFOPLIST_KEY_UILaunchStoryboardName = LaunchScreen;
				INFOPLIST_KEY_UISupportedInterfaceOrientations = UIInterfaceOrientationPortrait;
				INFOPLIST_KEY_UISupportedInterfaceOrientations_iPad = "UIInterfaceOrientationPortrait UIInterfaceOrientationPortraitUpsideDown UIInterfaceOrientationLandscapeLeft UIInterfaceOrientationLandscapeRight";
				INFOPLIST_KEY_UISupportedInterfaceOrientations_iPhone = "UIInterfaceOrientationPortrait UIInterfaceOrientationLandscapeLeft UIInterfaceOrientationLandscapeRight";
				LD_RUNPATH_SEARCH_PATHS = (
					"$(inherited)",
					"@executable_path/Frameworks",
				);
				MARKETING_VERSION = 1.0;
				PRODUCT_BUNDLE_IDENTIFIER = "CanerCagri.Github-Followers-App";
				PRODUCT_NAME = "$(TARGET_NAME)";
				SWIFT_EMIT_LOC_STRINGS = YES;
				SWIFT_VERSION = 5.0;
				TARGETED_DEVICE_FAMILY = 1;
			};
			name = Debug;
		};
		01D3A7AC28842852005CC88F /* Release */ = {
			isa = XCBuildConfiguration;
			buildSettings = {
				ASSETCATALOG_COMPILER_APPICON_NAME = AppIcon;
				ASSETCATALOG_COMPILER_GLOBAL_ACCENT_COLOR_NAME = AccentColor;
				CODE_SIGN_STYLE = Automatic;
				CURRENT_PROJECT_VERSION = 1;
				DEVELOPMENT_TEAM = XSY7H53P5K;
				GENERATE_INFOPLIST_FILE = YES;
				INFOPLIST_FILE = "Github-Followers-App/Info.plist";
				INFOPLIST_KEY_UIApplicationSupportsIndirectInputEvents = YES;
				INFOPLIST_KEY_UILaunchStoryboardName = LaunchScreen;
				INFOPLIST_KEY_UISupportedInterfaceOrientations = UIInterfaceOrientationPortrait;
				INFOPLIST_KEY_UISupportedInterfaceOrientations_iPad = "UIInterfaceOrientationPortrait UIInterfaceOrientationPortraitUpsideDown UIInterfaceOrientationLandscapeLeft UIInterfaceOrientationLandscapeRight";
				INFOPLIST_KEY_UISupportedInterfaceOrientations_iPhone = "UIInterfaceOrientationPortrait UIInterfaceOrientationLandscapeLeft UIInterfaceOrientationLandscapeRight";
				LD_RUNPATH_SEARCH_PATHS = (
					"$(inherited)",
					"@executable_path/Frameworks",
				);
				MARKETING_VERSION = 1.0;
				PRODUCT_BUNDLE_IDENTIFIER = "CanerCagri.Github-Followers-App";
				PRODUCT_NAME = "$(TARGET_NAME)";
				SWIFT_EMIT_LOC_STRINGS = YES;
				SWIFT_VERSION = 5.0;
				TARGETED_DEVICE_FAMILY = 1;
			};
			name = Release;
		};
/* End XCBuildConfiguration section */

/* Begin XCConfigurationList section */
		01D3A79128842850005CC88F /* Build configuration list for PBXProject "Github-Followers-App" */ = {
			isa = XCConfigurationList;
			buildConfigurations = (
				01D3A7A828842852005CC88F /* Debug */,
				01D3A7A928842852005CC88F /* Release */,
			);
			defaultConfigurationIsVisible = 0;
			defaultConfigurationName = Release;
		};
		01D3A7AA28842852005CC88F /* Build configuration list for PBXNativeTarget "Github-Followers-App" */ = {
			isa = XCConfigurationList;
			buildConfigurations = (
				01D3A7AB28842852005CC88F /* Debug */,
				01D3A7AC28842852005CC88F /* Release */,
			);
			defaultConfigurationIsVisible = 0;
			defaultConfigurationName = Release;
		};
/* End XCConfigurationList section */
	};
	rootObject = 01D3A78E28842850005CC88F /* Project object */;
}
